
Microsoft Visual Studio Solution File, Format Version 12.00
# Visual Studio Version 16
VisualStudioVersion = 16.0.29418.71
MinimumVisualStudioVersion = 10.0.40219.1
Project("{FAE04EC0-301F-11D3-BF4B-00C04F79EFBC}") = "ProductsAndCategories", "ProductsAndCategories\ProductsAndCategories.csproj", "{F36389A6-D2E1-4DE7-8016-F5EBA15A4590}"
EndProject
Project("{FAE04EC0-301F-11D3-BF4B-00C04F79EFBC}") = "DataContext", "DataContext\DataContext.csproj", "{3F0E041E-31CB-4E66-8498-55451ECDD205}"
EndProject
Project("{FAE04EC0-301F-11D3-BF4B-00C04F79EFBC}") = "Domain", "Domain\Domain.csproj", "{BD8829F2-F65C-4C92-A923-E9ED17F01133}"
EndProject
Global
	GlobalSection(SolutionConfigurationPlatforms) = preSolution
		Debug|Any CPU = Debug|Any CPU
		Release|Any CPU = Release|Any CPU
	EndGlobalSection
	GlobalSection(ProjectConfigurationPlatforms) = postSolution
		{F36389A6-D2E1-4DE7-8016-F5EBA15A4590}.Debug|Any CPU.ActiveCfg = Debug|Any CPU
		{F36389A6-D2E1-4DE7-8016-F5EBA15A4590}.Debug|Any CPU.Build.0 = Debug|Any CPU
		{F36389A6-D2E1-4DE7-8016-F5EBA15A4590}.Release|Any CPU.ActiveCfg = Release|Any CPU
		{F36389A6-D2E1-4DE7-8016-F5EBA15A4590}.Release|Any CPU.Build.0 = Release|Any CPU
		{3F0E041E-31CB-4E66-8498-55451ECDD205}.Debug|Any CPU.ActiveCfg = Debug|Any CPU
		{3F0E041E-31CB-4E66-8498-55451ECDD205}.Debug|Any CPU.Build.0 = Debug|Any CPU
		{3F0E041E-31CB-4E66-8498-55451ECDD205}.Release|Any CPU.ActiveCfg = Release|Any CPU
		{3F0E041E-31CB-4E66-8498-55451ECDD205}.Release|Any CPU.Build.0 = Release|Any CPU
		{BD8829F2-F65C-4C92-A923-E9ED17F01133}.Debug|Any CPU.ActiveCfg = Debug|Any CPU
		{BD8829F2-F65C-4C92-A923-E9ED17F01133}.Debug|Any CPU.Build.0 = Debug|Any CPU
		{BD8829F2-F65C-4C92-A923-E9ED17F01133}.Release|Any CPU.ActiveCfg = Release|Any CPU
		{BD8829F2-F65C-4C92-A923-E9ED17F01133}.Release|Any CPU.Build.0 = Release|Any CPU
	EndGlobalSection
	GlobalSection(SolutionProperties) = preSolution
		HideSolutionNode = FALSE
	EndGlobalSection
	GlobalSection(ExtensibilityGlobals) = postSolution
		SolutionGuid = {80B6A4C8-24BF-46D5-90CB-23A5D39F9BA0}
	EndGlobalSection
EndGlobal
